// !$*UTF8*$!
{
	archiveVersion = 1;
	classes = {
	};
	objectVersion = 46;
	objects = {

/* Begin PBXBuildFile section */
		910C942216C03782003B2F6D /* CMDraggableView.m in Sources */ = {isa = PBXBuildFile; fileRef = 910C942116C03782003B2F6D /* CMDraggableView.m */; };
		911D70E016B844AF0055DED1 /* CMValueNode.m in Sources */ = {isa = PBXBuildFile; fileRef = 911D70DF16B844AF0055DED1 /* CMValueNode.m */; };
		9129537216B48D9300A5DBE7 /* CMObjectiveCParser.m in Sources */ = {isa = PBXBuildFile; fileRef = 9129537116B48D9300A5DBE7 /* CMObjectiveCParser.m */; };
		913F8F4416B99C2B0052A164 /* CMMapViewController.m in Sources */ = {isa = PBXBuildFile; fileRef = 913F8F4216B99C2B0052A164 /* CMMapViewController.m */; };
		913F8F4516B99C2B0052A164 /* CMMapViewController.xib in Resources */ = {isa = PBXBuildFile; fileRef = 913F8F4316B99C2B0052A164 /* CMMapViewController.xib */; };
		9157055616C1C69900D4CDFD /* CMValueView.m in Sources */ = {isa = PBXBuildFile; fileRef = 9157055516C1C69900D4CDFD /* CMValueView.m */; };
		915913D216BCB76B00463B11 /* CMMapDisplayView.m in Sources */ = {isa = PBXBuildFile; fileRef = 915913D116BCB76B00463B11 /* CMMapDisplayView.m */; };
		915A190A16B9FF6F00DFD0CD /* CMNodeView.m in Sources */ = {isa = PBXBuildFile; fileRef = 915A190916B9FF6F00DFD0CD /* CMNodeView.m */; };
		9174B73E16B49B0E009ABA46 /* CMMethodNode.m in Sources */ = {isa = PBXBuildFile; fileRef = 9174B73D16B49B0E009ABA46 /* CMMethodNode.m */; };
		917D039716B755990017CEFE /* CMStack.m in Sources */ = {isa = PBXBuildFile; fileRef = 917D039616B755990017CEFE /* CMStack.m */; };
		918FFD2B16B4310300A98890 /* CMStringNode.m in Sources */ = {isa = PBXBuildFile; fileRef = 918FFD2A16B4310300A98890 /* CMStringNode.m */; };
		918FFD2E16B433D700A98890 /* CMCommentNode.m in Sources */ = {isa = PBXBuildFile; fileRef = 918FFD2D16B433D700A98890 /* CMCommentNode.m */; };
		918FFD3116B4368E00A98890 /* CMNode.m in Sources */ = {isa = PBXBuildFile; fileRef = 918FFD3016B4368E00A98890 /* CMNode.m */; };
		9199F9EC16B5761700315044 /* ParseKit.framework in Frameworks */ = {isa = PBXBuildFile; fileRef = 9199F9BF16B5732D00315044 /* ParseKit.framework */; };
		9199F9EE16B576FB00315044 /* ObjectiveCGrammar.h in Resources */ = {isa = PBXBuildFile; fileRef = 9199F9ED16B576FB00315044 /* ObjectiveCGrammar.h */; };
		9199F9F116B58E8700315044 /* CMImportNode.m in Sources */ = {isa = PBXBuildFile; fileRef = 9199F9F016B58E8700315044 /* CMImportNode.m */; };
		91EFC07416B6FD2000850F6A /* CMClassNode.m in Sources */ = {isa = PBXBuildFile; fileRef = 91EFC07316B6FD2000850F6A /* CMClassNode.m */; };
		91EFC07716B6FF5700850F6A /* CMInvocationNode.m in Sources */ = {isa = PBXBuildFile; fileRef = 91EFC07616B6FF5700850F6A /* CMInvocationNode.m */; };
		91F8F0F916BE1339002FC408 /* CMMethodView.m in Sources */ = {isa = PBXBuildFile; fileRef = 91F8F0F816BE1339002FC408 /* CMMethodView.m */; };
		91FB020316B37C0900760CEB /* Cocoa.framework in Frameworks */ = {isa = PBXBuildFile; fileRef = 91FB020216B37C0800760CEB /* Cocoa.framework */; };
		91FB020D16B37C0900760CEB /* InfoPlist.strings in Resources */ = {isa = PBXBuildFile; fileRef = 91FB020B16B37C0900760CEB /* InfoPlist.strings */; };
		91FB020F16B37C0900760CEB /* main.m in Sources */ = {isa = PBXBuildFile; fileRef = 91FB020E16B37C0900760CEB /* main.m */; };
		91FB021316B37C0900760CEB /* Credits.rtf in Resources */ = {isa = PBXBuildFile; fileRef = 91FB021116B37C0900760CEB /* Credits.rtf */; };
		91FB021616B37C0900760CEB /* CMAppDelegate.m in Sources */ = {isa = PBXBuildFile; fileRef = 91FB021516B37C0900760CEB /* CMAppDelegate.m */; };
		91FB021916B37C0900760CEB /* MainMenu.xib in Resources */ = {isa = PBXBuildFile; fileRef = 91FB021716B37C0900760CEB /* MainMenu.xib */; };
		91FB022116B37C0900760CEB /* SenTestingKit.framework in Frameworks */ = {isa = PBXBuildFile; fileRef = 91FB022016B37C0900760CEB /* SenTestingKit.framework */; };
		91FB022216B37C0900760CEB /* Cocoa.framework in Frameworks */ = {isa = PBXBuildFile; fileRef = 91FB020216B37C0800760CEB /* Cocoa.framework */; };
		91FB022A16B37C0900760CEB /* InfoPlist.strings in Resources */ = {isa = PBXBuildFile; fileRef = 91FB022816B37C0900760CEB /* InfoPlist.strings */; };
		91FB022D16B37C0900760CEB /* CodeMapTests.m in Sources */ = {isa = PBXBuildFile; fileRef = 91FB022C16B37C0900760CEB /* CodeMapTests.m */; };
/* End PBXBuildFile section */

/* Begin PBXContainerItemProxy section */
		9199F9BE16B5732D00315044 /* PBXContainerItemProxy */ = {
			isa = PBXContainerItemProxy;
			containerPortal = 9199F9AE16B5732D00315044 /* ParseKit.xcodeproj */;
			proxyType = 2;
			remoteGlobalIDString = 8DC2EF5B0486A6940098B216;
			remoteInfo = ParseKit;
		};
		9199F9C016B5732D00315044 /* PBXContainerItemProxy */ = {
			isa = PBXContainerItemProxy;
			containerPortal = 9199F9AE16B5732D00315044 /* ParseKit.xcodeproj */;
			proxyType = 2;
			remoteGlobalIDString = D389F1CE0F1965E600558235;
			remoteInfo = JSParseKit;
		};
		9199F9C216B5732D00315044 /* PBXContainerItemProxy */ = {
			isa = PBXContainerItemProxy;
			containerPortal = 9199F9AE16B5732D00315044 /* ParseKit.xcodeproj */;
			proxyType = 2;
			remoteGlobalIDString = D3FDC5830FFC4BFC00F1F797;
			remoteInfo = ParseKitMobile;
		};
		9199F9C416B5732D00315044 /* PBXContainerItemProxy */ = {
			isa = PBXContainerItemProxy;
			containerPortal = 9199F9AE16B5732D00315044 /* ParseKit.xcodeproj */;
			proxyType = 2;
			remoteGlobalIDString = D3C7D87A0A411FBF005DD154;
			remoteInfo = Tests;
		};
		9199F9C616B5732D00315044 /* PBXContainerItemProxy */ = {
			isa = PBXContainerItemProxy;
			containerPortal = 9199F9AE16B5732D00315044 /* ParseKit.xcodeproj */;
			proxyType = 2;
			remoteGlobalIDString = D33494100E2963FD00406085;
			remoteInfo = DemoApp;
		};
		9199F9C816B5732D00315044 /* PBXContainerItemProxy */ = {
			isa = PBXContainerItemProxy;
			containerPortal = 9199F9AE16B5732D00315044 /* ParseKit.xcodeproj */;
			proxyType = 2;
			remoteGlobalIDString = D34185040E520D3F0081B0DC;
			remoteInfo = DebugApp;
		};
		9199F9CA16B5732D00315044 /* PBXContainerItemProxy */ = {
			isa = PBXContainerItemProxy;
			containerPortal = 9199F9AE16B5732D00315044 /* ParseKit.xcodeproj */;
			proxyType = 2;
			remoteGlobalIDString = D389F2030F196A7500558235;
			remoteInfo = JSDemoApp;
		};
		91FB022316B37C0900760CEB /* PBXContainerItemProxy */ = {
			isa = PBXContainerItemProxy;
			containerPortal = 91FB01F516B37C0800760CEB /* Project object */;
			proxyType = 1;
			remoteGlobalIDString = 91FB01FD16B37C0800760CEB;
			remoteInfo = CodeMap;
		};
/* End PBXContainerItemProxy section */

/* Begin PBXFileReference section */
		910C942016C03782003B2F6D /* CMDraggableView.h */ = {isa = PBXFileReference; fileEncoding = 4; lastKnownFileType = sourcecode.c.h; path = CMDraggableView.h; sourceTree = "<group>"; };
		910C942116C03782003B2F6D /* CMDraggableView.m */ = {isa = PBXFileReference; fileEncoding = 4; lastKnownFileType = sourcecode.c.objc; path = CMDraggableView.m; sourceTree = "<group>"; };
		911D70DE16B844AF0055DED1 /* CMValueNode.h */ = {isa = PBXFileReference; fileEncoding = 4; lastKnownFileType = sourcecode.c.h; path = CMValueNode.h; sourceTree = "<group>"; };
		911D70DF16B844AF0055DED1 /* CMValueNode.m */ = {isa = PBXFileReference; fileEncoding = 4; lastKnownFileType = sourcecode.c.objc; path = CMValueNode.m; sourceTree = "<group>"; };
		9129537016B48D9300A5DBE7 /* CMObjectiveCParser.h */ = {isa = PBXFileReference; fileEncoding = 4; lastKnownFileType = sourcecode.c.h; path = CMObjectiveCParser.h; sourceTree = "<group>"; };
		9129537116B48D9300A5DBE7 /* CMObjectiveCParser.m */ = {isa = PBXFileReference; fileEncoding = 4; lastKnownFileType = sourcecode.c.objc; path = CMObjectiveCParser.m; sourceTree = "<group>"; };
		913F8F4116B99C2B0052A164 /* CMMapViewController.h */ = {isa = PBXFileReference; fileEncoding = 4; lastKnownFileType = sourcecode.c.h; path = CMMapViewController.h; sourceTree = "<group>"; };
		913F8F4216B99C2B0052A164 /* CMMapViewController.m */ = {isa = PBXFileReference; fileEncoding = 4; lastKnownFileType = sourcecode.c.objc; path = CMMapViewController.m; sourceTree = "<group>"; };
		913F8F4316B99C2B0052A164 /* CMMapViewController.xib */ = {isa = PBXFileReference; fileEncoding = 4; lastKnownFileType = file.xib; path = CMMapViewController.xib; sourceTree = "<group>"; };
		9157055416C1C69900D4CDFD /* CMValueView.h */ = {isa = PBXFileReference; fileEncoding = 4; lastKnownFileType = sourcecode.c.h; path = CMValueView.h; sourceTree = "<group>"; };
		9157055516C1C69900D4CDFD /* CMValueView.m */ = {isa = PBXFileReference; fileEncoding = 4; lastKnownFileType = sourcecode.c.objc; path = CMValueView.m; sourceTree = "<group>"; };
		915913D016BCB76B00463B11 /* CMMapDisplayView.h */ = {isa = PBXFileReference; fileEncoding = 4; lastKnownFileType = sourcecode.c.h; path = CMMapDisplayView.h; sourceTree = "<group>"; };
		915913D116BCB76B00463B11 /* CMMapDisplayView.m */ = {isa = PBXFileReference; fileEncoding = 4; lastKnownFileType = sourcecode.c.objc; path = CMMapDisplayView.m; sourceTree = "<group>"; };
		915A190816B9FF6F00DFD0CD /* CMNodeView.h */ = {isa = PBXFileReference; fileEncoding = 4; lastKnownFileType = sourcecode.c.h; path = CMNodeView.h; sourceTree = "<group>"; };
		915A190916B9FF6F00DFD0CD /* CMNodeView.m */ = {isa = PBXFileReference; fileEncoding = 4; lastKnownFileType = sourcecode.c.objc; path = CMNodeView.m; sourceTree = "<group>"; };
		9174B73C16B49B0E009ABA46 /* CMMethodNode.h */ = {isa = PBXFileReference; fileEncoding = 4; lastKnownFileType = sourcecode.c.h; path = CMMethodNode.h; sourceTree = "<group>"; };
		9174B73D16B49B0E009ABA46 /* CMMethodNode.m */ = {isa = PBXFileReference; fileEncoding = 4; lastKnownFileType = sourcecode.c.objc; path = CMMethodNode.m; sourceTree = "<group>"; };
		917D039516B755990017CEFE /* CMStack.h */ = {isa = PBXFileReference; fileEncoding = 4; lastKnownFileType = sourcecode.c.h; path = CMStack.h; sourceTree = "<group>"; };
		917D039616B755990017CEFE /* CMStack.m */ = {isa = PBXFileReference; fileEncoding = 4; lastKnownFileType = sourcecode.c.objc; path = CMStack.m; sourceTree = "<group>"; };
		918FFD2916B4310300A98890 /* CMStringNode.h */ = {isa = PBXFileReference; fileEncoding = 4; lastKnownFileType = sourcecode.c.h; path = CMStringNode.h; sourceTree = "<group>"; };
		918FFD2A16B4310300A98890 /* CMStringNode.m */ = {isa = PBXFileReference; fileEncoding = 4; lastKnownFileType = sourcecode.c.objc; path = CMStringNode.m; sourceTree = "<group>"; };
		918FFD2C16B433D700A98890 /* CMCommentNode.h */ = {isa = PBXFileReference; fileEncoding = 4; lastKnownFileType = sourcecode.c.h; path = CMCommentNode.h; sourceTree = "<group>"; };
		918FFD2D16B433D700A98890 /* CMCommentNode.m */ = {isa = PBXFileReference; fileEncoding = 4; lastKnownFileType = sourcecode.c.objc; path = CMCommentNode.m; sourceTree = "<group>"; };
		918FFD2F16B4368E00A98890 /* CMNode.h */ = {isa = PBXFileReference; fileEncoding = 4; lastKnownFileType = sourcecode.c.h; path = CMNode.h; sourceTree = "<group>"; };
		918FFD3016B4368E00A98890 /* CMNode.m */ = {isa = PBXFileReference; fileEncoding = 4; lastKnownFileType = sourcecode.c.objc; path = CMNode.m; sourceTree = "<group>"; };
		9199F9AE16B5732D00315044 /* ParseKit.xcodeproj */ = {isa = PBXFileReference; lastKnownFileType = "wrapper.pb-project"; name = ParseKit.xcodeproj; path = "../ParseKit/todparsekit-read-only/ParseKit.xcodeproj"; sourceTree = "<group>"; };
		9199F9ED16B576FB00315044 /* ObjectiveCGrammar.h */ = {isa = PBXFileReference; fileEncoding = 4; lastKnownFileType = sourcecode.c.h; path = ObjectiveCGrammar.h; sourceTree = "<group>"; };
		9199F9EF16B58E8700315044 /* CMImportNode.h */ = {isa = PBXFileReference; fileEncoding = 4; lastKnownFileType = sourcecode.c.h; path = CMImportNode.h; sourceTree = "<group>"; };
		9199F9F016B58E8700315044 /* CMImportNode.m */ = {isa = PBXFileReference; fileEncoding = 4; lastKnownFileType = sourcecode.c.objc; path = CMImportNode.m; sourceTree = "<group>"; };
		91EFC07216B6FD2000850F6A /* CMClassNode.h */ = {isa = PBXFileReference; fileEncoding = 4; lastKnownFileType = sourcecode.c.h; path = CMClassNode.h; sourceTree = "<group>"; };
		91EFC07316B6FD2000850F6A /* CMClassNode.m */ = {isa = PBXFileReference; fileEncoding = 4; lastKnownFileType = sourcecode.c.objc; path = CMClassNode.m; sourceTree = "<group>"; };
		91EFC07516B6FF5700850F6A /* CMInvocationNode.h */ = {isa = PBXFileReference; fileEncoding = 4; lastKnownFileType = sourcecode.c.h; path = CMInvocationNode.h; sourceTree = "<group>"; };
		91EFC07616B6FF5700850F6A /* CMInvocationNode.m */ = {isa = PBXFileReference; fileEncoding = 4; lastKnownFileType = sourcecode.c.objc; path = CMInvocationNode.m; sourceTree = "<group>"; };
		91F8F0F716BE1339002FC408 /* CMMethodView.h */ = {isa = PBXFileReference; fileEncoding = 4; lastKnownFileType = sourcecode.c.h; path = CMMethodView.h; sourceTree = "<group>"; };
		91F8F0F816BE1339002FC408 /* CMMethodView.m */ = {isa = PBXFileReference; fileEncoding = 4; lastKnownFileType = sourcecode.c.objc; path = CMMethodView.m; sourceTree = "<group>"; };
		91FB01FE16B37C0800760CEB /* CodeMap.app */ = {isa = PBXFileReference; explicitFileType = wrapper.application; includeInIndex = 0; path = CodeMap.app; sourceTree = BUILT_PRODUCTS_DIR; };
		91FB020216B37C0800760CEB /* Cocoa.framework */ = {isa = PBXFileReference; lastKnownFileType = wrapper.framework; name = Cocoa.framework; path = System/Library/Frameworks/Cocoa.framework; sourceTree = SDKROOT; };
		91FB020516B37C0900760CEB /* AppKit.framework */ = {isa = PBXFileReference; lastKnownFileType = wrapper.framework; name = AppKit.framework; path = System/Library/Frameworks/AppKit.framework; sourceTree = SDKROOT; };
		91FB020616B37C0900760CEB /* CoreData.framework */ = {isa = PBXFileReference; lastKnownFileType = wrapper.framework; name = CoreData.framework; path = System/Library/Frameworks/CoreData.framework; sourceTree = SDKROOT; };
		91FB020716B37C0900760CEB /* Foundation.framework */ = {isa = PBXFileReference; lastKnownFileType = wrapper.framework; name = Foundation.framework; path = System/Library/Frameworks/Foundation.framework; sourceTree = SDKROOT; };
		91FB020A16B37C0900760CEB /* CodeMap-Info.plist */ = {isa = PBXFileReference; lastKnownFileType = text.plist.xml; path = "CodeMap-Info.plist"; sourceTree = "<group>"; };
		91FB020C16B37C0900760CEB /* en */ = {isa = PBXFileReference; lastKnownFileType = text.plist.strings; name = en; path = en.lproj/InfoPlist.strings; sourceTree = "<group>"; };
		91FB020E16B37C0900760CEB /* main.m */ = {isa = PBXFileReference; lastKnownFileType = sourcecode.c.objc; path = main.m; sourceTree = "<group>"; };
		91FB021016B37C0900760CEB /* CodeMap-Prefix.pch */ = {isa = PBXFileReference; lastKnownFileType = sourcecode.c.h; path = "CodeMap-Prefix.pch"; sourceTree = "<group>"; };
		91FB021216B37C0900760CEB /* en */ = {isa = PBXFileReference; lastKnownFileType = text.rtf; name = en; path = en.lproj/Credits.rtf; sourceTree = "<group>"; };
		91FB021416B37C0900760CEB /* CMAppDelegate.h */ = {isa = PBXFileReference; lastKnownFileType = sourcecode.c.h; path = CMAppDelegate.h; sourceTree = "<group>"; };
		91FB021516B37C0900760CEB /* CMAppDelegate.m */ = {isa = PBXFileReference; lastKnownFileType = sourcecode.c.objc; path = CMAppDelegate.m; sourceTree = "<group>"; };
		91FB021816B37C0900760CEB /* en */ = {isa = PBXFileReference; lastKnownFileType = file.xib; name = en; path = en.lproj/MainMenu.xib; sourceTree = "<group>"; };
		91FB021F16B37C0900760CEB /* CodeMapTests.octest */ = {isa = PBXFileReference; explicitFileType = wrapper.cfbundle; includeInIndex = 0; path = CodeMapTests.octest; sourceTree = BUILT_PRODUCTS_DIR; };
		91FB022016B37C0900760CEB /* SenTestingKit.framework */ = {isa = PBXFileReference; lastKnownFileType = wrapper.framework; name = SenTestingKit.framework; path = Library/Frameworks/SenTestingKit.framework; sourceTree = DEVELOPER_DIR; };
		91FB022716B37C0900760CEB /* CodeMapTests-Info.plist */ = {isa = PBXFileReference; lastKnownFileType = text.plist.xml; path = "CodeMapTests-Info.plist"; sourceTree = "<group>"; };
		91FB022916B37C0900760CEB /* en */ = {isa = PBXFileReference; lastKnownFileType = text.plist.strings; name = en; path = en.lproj/InfoPlist.strings; sourceTree = "<group>"; };
		91FB022B16B37C0900760CEB /* CodeMapTests.h */ = {isa = PBXFileReference; lastKnownFileType = sourcecode.c.h; path = CodeMapTests.h; sourceTree = "<group>"; };
		91FB022C16B37C0900760CEB /* CodeMapTests.m */ = {isa = PBXFileReference; lastKnownFileType = sourcecode.c.objc; path = CodeMapTests.m; sourceTree = "<group>"; };
/* End PBXFileReference section */

/* Begin PBXFrameworksBuildPhase section */
		91FB01FB16B37C0800760CEB /* Frameworks */ = {
			isa = PBXFrameworksBuildPhase;
			buildActionMask = 2147483647;
			files = (
				9199F9EC16B5761700315044 /* ParseKit.framework in Frameworks */,
				91FB020316B37C0900760CEB /* Cocoa.framework in Frameworks */,
			);
			runOnlyForDeploymentPostprocessing = 0;
		};
		91FB021B16B37C0900760CEB /* Frameworks */ = {
			isa = PBXFrameworksBuildPhase;
			buildActionMask = 2147483647;
			files = (
				91FB022116B37C0900760CEB /* SenTestingKit.framework in Frameworks */,
				91FB022216B37C0900760CEB /* Cocoa.framework in Frameworks */,
			);
			runOnlyForDeploymentPostprocessing = 0;
		};
/* End PBXFrameworksBuildPhase section */

/* Begin PBXGroup section */
		910C941E16C0372E003B2F6D /* NodeViews */ = {
			isa = PBXGroup;
			children = (
				910C941F16C03752003B2F6D /* Draggable */,
				91F8F0F616BE1318002FC408 /* MethodView */,
				9157055416C1C69900D4CDFD /* CMValueView.h */,
				9157055516C1C69900D4CDFD /* CMValueView.m */,
			);
			name = NodeViews;
			sourceTree = "<group>";
		};
		910C941F16C03752003B2F6D /* Draggable */ = {
			isa = PBXGroup;
			children = (
				910C942016C03782003B2F6D /* CMDraggableView.h */,
				910C942116C03782003B2F6D /* CMDraggableView.m */,
			);
			name = Draggable;
			sourceTree = "<group>";
		};
		9138E6D716B8B0AD00C0AE53 /* Containers */ = {
			isa = PBXGroup;
			children = (
				9138E6D916B8B0FB00C0AE53 /* Method */,
				9138E6D816B8B0EE00C0AE53 /* Class */,
			);
			name = Containers;
			sourceTree = "<group>";
		};
		9138E6D816B8B0EE00C0AE53 /* Class */ = {
			isa = PBXGroup;
			children = (
				91EFC07216B6FD2000850F6A /* CMClassNode.h */,
				91EFC07316B6FD2000850F6A /* CMClassNode.m */,
			);
			name = Class;
			sourceTree = "<group>";
		};
		9138E6D916B8B0FB00C0AE53 /* Method */ = {
			isa = PBXGroup;
			children = (
				9174B73C16B49B0E009ABA46 /* CMMethodNode.h */,
				9174B73D16B49B0E009ABA46 /* CMMethodNode.m */,
			);
			name = Method;
			sourceTree = "<group>";
		};
		913F8F4016B99C040052A164 /* View */ = {
			isa = PBXGroup;
			children = (
				910C941E16C0372E003B2F6D /* NodeViews */,
				913F8F4116B99C2B0052A164 /* CMMapViewController.h */,
				913F8F4216B99C2B0052A164 /* CMMapViewController.m */,
				913F8F4316B99C2B0052A164 /* CMMapViewController.xib */,
				915A190816B9FF6F00DFD0CD /* CMNodeView.h */,
				915A190916B9FF6F00DFD0CD /* CMNodeView.m */,
				915913D016BCB76B00463B11 /* CMMapDisplayView.h */,
				915913D116BCB76B00463B11 /* CMMapDisplayView.m */,
			);
			name = View;
			sourceTree = "<group>";
		};
		917D039416B755630017CEFE /* Helpers */ = {
			isa = PBXGroup;
			children = (
				917D039516B755990017CEFE /* CMStack.h */,
				917D039616B755990017CEFE /* CMStack.m */,
			);
			name = Helpers;
			sourceTree = "<group>";
		};
		918FFD2116B4307C00A98890 /* Models */ = {
			isa = PBXGroup;
			children = (
				9138E6D716B8B0AD00C0AE53 /* Containers */,
				918FFD2916B4310300A98890 /* CMStringNode.h */,
				918FFD2A16B4310300A98890 /* CMStringNode.m */,
				918FFD2C16B433D700A98890 /* CMCommentNode.h */,
				918FFD2D16B433D700A98890 /* CMCommentNode.m */,
				918FFD2F16B4368E00A98890 /* CMNode.h */,
				918FFD3016B4368E00A98890 /* CMNode.m */,
				9199F9EF16B58E8700315044 /* CMImportNode.h */,
				9199F9F016B58E8700315044 /* CMImportNode.m */,
				91EFC07516B6FF5700850F6A /* CMInvocationNode.h */,
				91EFC07616B6FF5700850F6A /* CMInvocationNode.m */,
				911D70DE16B844AF0055DED1 /* CMValueNode.h */,
				911D70DF16B844AF0055DED1 /* CMValueNode.m */,
			);
			name = Models;
			sourceTree = "<group>";
		};
		9199F9AF16B5732D00315044 /* Products */ = {
			isa = PBXGroup;
			children = (
				9199F9BF16B5732D00315044 /* ParseKit.framework */,
				9199F9C116B5732D00315044 /* JSParseKit.framework */,
				9199F9C316B5732D00315044 /* libparsekit.a */,
				9199F9C516B5732D00315044 /* Tests.octest */,
				9199F9C716B5732D00315044 /* DemoApp.app */,
				9199F9C916B5732D00315044 /* DebugApp.app */,
				9199F9CB16B5732D00315044 /* JSDemoApp.app */,
			);
			name = Products;
			sourceTree = "<group>";
		};
		91F8F0F616BE1318002FC408 /* MethodView */ = {
			isa = PBXGroup;
			children = (
				91F8F0F716BE1339002FC408 /* CMMethodView.h */,
				91F8F0F816BE1339002FC408 /* CMMethodView.m */,
			);
			name = MethodView;
			sourceTree = "<group>";
		};
		91FB01F316B37C0800760CEB = {
			isa = PBXGroup;
			children = (
				91FB020816B37C0900760CEB /* CodeMap */,
				91FB022516B37C0900760CEB /* CodeMapTests */,
				91FB020116B37C0800760CEB /* Frameworks */,
				91FB01FF16B37C0800760CEB /* Products */,
			);
			sourceTree = "<group>";
		};
		91FB01FF16B37C0800760CEB /* Products */ = {
			isa = PBXGroup;
			children = (
				91FB01FE16B37C0800760CEB /* CodeMap.app */,
				91FB021F16B37C0900760CEB /* CodeMapTests.octest */,
			);
			name = Products;
			sourceTree = "<group>";
		};
		91FB020116B37C0800760CEB /* Frameworks */ = {
			isa = PBXGroup;
			children = (
				9199F9AE16B5732D00315044 /* ParseKit.xcodeproj */,
				91FB020216B37C0800760CEB /* Cocoa.framework */,
				91FB022016B37C0900760CEB /* SenTestingKit.framework */,
				91FB020416B37C0900760CEB /* Other Frameworks */,
			);
			name = Frameworks;
			sourceTree = "<group>";
		};
		91FB020416B37C0900760CEB /* Other Frameworks */ = {
			isa = PBXGroup;
			children = (
				91FB020516B37C0900760CEB /* AppKit.framework */,
				91FB020616B37C0900760CEB /* CoreData.framework */,
				91FB020716B37C0900760CEB /* Foundation.framework */,
			);
			name = "Other Frameworks";
			sourceTree = "<group>";
		};
		91FB020816B37C0900760CEB /* CodeMap */ = {
			isa = PBXGroup;
			children = (
				913F8F4016B99C040052A164 /* View */,
				917D039416B755630017CEFE /* Helpers */,
				918FFD2116B4307C00A98890 /* Models */,
				91FB021416B37C0900760CEB /* CMAppDelegate.h */,
				91FB021516B37C0900760CEB /* CMAppDelegate.m */,
				91FB021716B37C0900760CEB /* MainMenu.xib */,
				91FB020916B37C0900760CEB /* Supporting Files */,
				9129537016B48D9300A5DBE7 /* CMObjectiveCParser.h */,
				9129537116B48D9300A5DBE7 /* CMObjectiveCParser.m */,
				9199F9ED16B576FB00315044 /* ObjectiveCGrammar.h */,
			);
			path = CodeMap;
			sourceTree = "<group>";
		};
		91FB020916B37C0900760CEB /* Supporting Files */ = {
			isa = PBXGroup;
			children = (
				91FB020A16B37C0900760CEB /* CodeMap-Info.plist */,
				91FB020B16B37C0900760CEB /* InfoPlist.strings */,
				91FB020E16B37C0900760CEB /* main.m */,
				91FB021016B37C0900760CEB /* CodeMap-Prefix.pch */,
				91FB021116B37C0900760CEB /* Credits.rtf */,
			);
			name = "Supporting Files";
			sourceTree = "<group>";
		};
		91FB022516B37C0900760CEB /* CodeMapTests */ = {
			isa = PBXGroup;
			children = (
				91FB022B16B37C0900760CEB /* CodeMapTests.h */,
				91FB022C16B37C0900760CEB /* CodeMapTests.m */,
				91FB022616B37C0900760CEB /* Supporting Files */,
			);
			path = CodeMapTests;
			sourceTree = "<group>";
		};
		91FB022616B37C0900760CEB /* Supporting Files */ = {
			isa = PBXGroup;
			children = (
				91FB022716B37C0900760CEB /* CodeMapTests-Info.plist */,
				91FB022816B37C0900760CEB /* InfoPlist.strings */,
			);
			name = "Supporting Files";
			sourceTree = "<group>";
		};
/* End PBXGroup section */

/* Begin PBXNativeTarget section */
		91FB01FD16B37C0800760CEB /* CodeMap */ = {
			isa = PBXNativeTarget;
			buildConfigurationList = 91FB023016B37C0900760CEB /* Build configuration list for PBXNativeTarget "CodeMap" */;
			buildPhases = (
				91FB01FA16B37C0800760CEB /* Sources */,
				91FB01FB16B37C0800760CEB /* Frameworks */,
				91FB01FC16B37C0800760CEB /* Resources */,
			);
			buildRules = (
			);
			dependencies = (
			);
			name = CodeMap;
			productName = CodeMap;
			productReference = 91FB01FE16B37C0800760CEB /* CodeMap.app */;
			productType = "com.apple.product-type.application";
		};
		91FB021E16B37C0900760CEB /* CodeMapTests */ = {
			isa = PBXNativeTarget;
			buildConfigurationList = 91FB023316B37C0900760CEB /* Build configuration list for PBXNativeTarget "CodeMapTests" */;
			buildPhases = (
				91FB021A16B37C0900760CEB /* Sources */,
				91FB021B16B37C0900760CEB /* Frameworks */,
				91FB021C16B37C0900760CEB /* Resources */,
				91FB021D16B37C0900760CEB /* ShellScript */,
			);
			buildRules = (
			);
			dependencies = (
				91FB022416B37C0900760CEB /* PBXTargetDependency */,
			);
			name = CodeMapTests;
			productName = CodeMapTests;
			productReference = 91FB021F16B37C0900760CEB /* CodeMapTests.octest */;
			productType = "com.apple.product-type.bundle";
		};
/* End PBXNativeTarget section */

/* Begin PBXProject section */
		91FB01F516B37C0800760CEB /* Project object */ = {
			isa = PBXProject;
			attributes = {
				CLASSPREFIX = CM;
				LastUpgradeCheck = 0450;
				ORGANIZATIONNAME = "Solstice Mobile";
			};
			buildConfigurationList = 91FB01F816B37C0800760CEB /* Build configuration list for PBXProject "CodeMap" */;
			compatibilityVersion = "Xcode 3.2";
			developmentRegion = English;
			hasScannedForEncodings = 0;
			knownRegions = (
				en,
			);
			mainGroup = 91FB01F316B37C0800760CEB;
			productRefGroup = 91FB01FF16B37C0800760CEB /* Products */;
			projectDirPath = "";
			projectReferences = (
				{
					ProductGroup = 9199F9AF16B5732D00315044 /* Products */;
					ProjectRef = 9199F9AE16B5732D00315044 /* ParseKit.xcodeproj */;
				},
			);
			projectRoot = "";
			targets = (
				91FB01FD16B37C0800760CEB /* CodeMap */,
				91FB021E16B37C0900760CEB /* CodeMapTests */,
			);
		};
/* End PBXProject section */

/* Begin PBXReferenceProxy section */
		9199F9BF16B5732D00315044 /* ParseKit.framework */ = {
			isa = PBXReferenceProxy;
			fileType = wrapper.framework;
			path = ParseKit.framework;
			remoteRef = 9199F9BE16B5732D00315044 /* PBXContainerItemProxy */;
			sourceTree = BUILT_PRODUCTS_DIR;
		};
		9199F9C116B5732D00315044 /* JSParseKit.framework */ = {
			isa = PBXReferenceProxy;
			fileType = wrapper.framework;
			path = JSParseKit.framework;
			remoteRef = 9199F9C016B5732D00315044 /* PBXContainerItemProxy */;
			sourceTree = BUILT_PRODUCTS_DIR;
		};
		9199F9C316B5732D00315044 /* libparsekit.a */ = {
			isa = PBXReferenceProxy;
			fileType = archive.ar;
			path = libparsekit.a;
			remoteRef = 9199F9C216B5732D00315044 /* PBXContainerItemProxy */;
			sourceTree = BUILT_PRODUCTS_DIR;
		};
		9199F9C516B5732D00315044 /* Tests.octest */ = {
			isa = PBXReferenceProxy;
			fileType = wrapper.cfbundle;
			path = Tests.octest;
			remoteRef = 9199F9C416B5732D00315044 /* PBXContainerItemProxy */;
			sourceTree = BUILT_PRODUCTS_DIR;
		};
		9199F9C716B5732D00315044 /* DemoApp.app */ = {
			isa = PBXReferenceProxy;
			fileType = wrapper.application;
			path = DemoApp.app;
			remoteRef = 9199F9C616B5732D00315044 /* PBXContainerItemProxy */;
			sourceTree = BUILT_PRODUCTS_DIR;
		};
		9199F9C916B5732D00315044 /* DebugApp.app */ = {
			isa = PBXReferenceProxy;
			fileType = wrapper.application;
			path = DebugApp.app;
			remoteRef = 9199F9C816B5732D00315044 /* PBXContainerItemProxy */;
			sourceTree = BUILT_PRODUCTS_DIR;
		};
		9199F9CB16B5732D00315044 /* JSDemoApp.app */ = {
			isa = PBXReferenceProxy;
			fileType = wrapper.application;
			path = JSDemoApp.app;
			remoteRef = 9199F9CA16B5732D00315044 /* PBXContainerItemProxy */;
			sourceTree = BUILT_PRODUCTS_DIR;
		};
/* End PBXReferenceProxy section */

/* Begin PBXResourcesBuildPhase section */
		91FB01FC16B37C0800760CEB /* Resources */ = {
			isa = PBXResourcesBuildPhase;
			buildActionMask = 2147483647;
			files = (
				91FB020D16B37C0900760CEB /* InfoPlist.strings in Resources */,
				91FB021316B37C0900760CEB /* Credits.rtf in Resources */,
				91FB021916B37C0900760CEB /* MainMenu.xib in Resources */,
				9199F9EE16B576FB00315044 /* ObjectiveCGrammar.h in Resources */,
				913F8F4516B99C2B0052A164 /* CMMapViewController.xib in Resources */,
			);
			runOnlyForDeploymentPostprocessing = 0;
		};
		91FB021C16B37C0900760CEB /* Resources */ = {
			isa = PBXResourcesBuildPhase;
			buildActionMask = 2147483647;
			files = (
				91FB022A16B37C0900760CEB /* InfoPlist.strings in Resources */,
			);
			runOnlyForDeploymentPostprocessing = 0;
		};
/* End PBXResourcesBuildPhase section */

/* Begin PBXShellScriptBuildPhase section */
		91FB021D16B37C0900760CEB /* ShellScript */ = {
			isa = PBXShellScriptBuildPhase;
			buildActionMask = 2147483647;
			files = (
			);
			inputPaths = (
			);
			outputPaths = (
			);
			runOnlyForDeploymentPostprocessing = 0;
			shellPath = /bin/sh;
			shellScript = "# Run the unit tests in this test bundle.\n\"${SYSTEM_DEVELOPER_DIR}/Tools/RunUnitTests\"\n";
		};
/* End PBXShellScriptBuildPhase section */

/* Begin PBXSourcesBuildPhase section */
		91FB01FA16B37C0800760CEB /* Sources */ = {
			isa = PBXSourcesBuildPhase;
			buildActionMask = 2147483647;
			files = (
				91FB020F16B37C0900760CEB /* main.m in Sources */,
				91FB021616B37C0900760CEB /* CMAppDelegate.m in Sources */,
				918FFD2B16B4310300A98890 /* CMStringNode.m in Sources */,
				918FFD2E16B433D700A98890 /* CMCommentNode.m in Sources */,
				918FFD3116B4368E00A98890 /* CMNode.m in Sources */,
				9129537216B48D9300A5DBE7 /* CMObjectiveCParser.m in Sources */,
				9174B73E16B49B0E009ABA46 /* CMMethodNode.m in Sources */,
				9199F9F116B58E8700315044 /* CMImportNode.m in Sources */,
				91EFC07416B6FD2000850F6A /* CMClassNode.m in Sources */,
				91EFC07716B6FF5700850F6A /* CMInvocationNode.m in Sources */,
				917D039716B755990017CEFE /* CMStack.m in Sources */,
				911D70E016B844AF0055DED1 /* CMValueNode.m in Sources */,
				913F8F4416B99C2B0052A164 /* CMMapViewController.m in Sources */,
				915A190A16B9FF6F00DFD0CD /* CMNodeView.m in Sources */,
				915913D216BCB76B00463B11 /* CMMapDisplayView.m in Sources */,
				91F8F0F916BE1339002FC408 /* CMMethodView.m in Sources */,
				910C942216C03782003B2F6D /* CMDraggableView.m in Sources */,
				9157055616C1C69900D4CDFD /* CMValueView.m in Sources */,
			);
			runOnlyForDeploymentPostprocessing = 0;
		};
		91FB021A16B37C0900760CEB /* Sources */ = {
			isa = PBXSourcesBuildPhase;
			buildActionMask = 2147483647;
			files = (
				91FB022D16B37C0900760CEB /* CodeMapTests.m in Sources */,
			);
			runOnlyForDeploymentPostprocessing = 0;
		};
/* End PBXSourcesBuildPhase section */

/* Begin PBXTargetDependency section */
		91FB022416B37C0900760CEB /* PBXTargetDependency */ = {
			isa = PBXTargetDependency;
			target = 91FB01FD16B37C0800760CEB /* CodeMap */;
			targetProxy = 91FB022316B37C0900760CEB /* PBXContainerItemProxy */;
		};
/* End PBXTargetDependency section */

/* Begin PBXVariantGroup section */
		91FB020B16B37C0900760CEB /* InfoPlist.strings */ = {
			isa = PBXVariantGroup;
			children = (
				91FB020C16B37C0900760CEB /* en */,
			);
			name = InfoPlist.strings;
			sourceTree = "<group>";
		};
		91FB021116B37C0900760CEB /* Credits.rtf */ = {
			isa = PBXVariantGroup;
			children = (
				91FB021216B37C0900760CEB /* en */,
			);
			name = Credits.rtf;
			sourceTree = "<group>";
		};
		91FB021716B37C0900760CEB /* MainMenu.xib */ = {
			isa = PBXVariantGroup;
			children = (
				91FB021816B37C0900760CEB /* en */,
			);
			name = MainMenu.xib;
			sourceTree = "<group>";
		};
		91FB022816B37C0900760CEB /* InfoPlist.strings */ = {
			isa = PBXVariantGroup;
			children = (
				91FB022916B37C0900760CEB /* en */,
			);
			name = InfoPlist.strings;
			sourceTree = "<group>";
		};
/* End PBXVariantGroup section */

/* Begin XCBuildConfiguration section */
		91FB022E16B37C0900760CEB /* Debug */ = {
			isa = XCBuildConfiguration;
			buildSettings = {
				ALWAYS_SEARCH_USER_PATHS = NO;
				ARCHS = "$(ARCHS_STANDARD_64_BIT)";
				CLANG_CXX_LANGUAGE_STANDARD = "gnu++0x";
				CLANG_CXX_LIBRARY = "libc++";
				CLANG_ENABLE_OBJC_ARC = YES;
				CLANG_WARN_EMPTY_BODY = YES;
				CLANG_WARN__DUPLICATE_METHOD_MATCH = YES;
				COPY_PHASE_STRIP = NO;
				GCC_C_LANGUAGE_STANDARD = gnu99;
				GCC_DYNAMIC_NO_PIC = NO;
				GCC_ENABLE_OBJC_EXCEPTIONS = YES;
				GCC_OPTIMIZATION_LEVEL = 0;
				GCC_PREPROCESSOR_DEFINITIONS = (
					"DEBUG=1",
					"$(inherited)",
				);
				GCC_SYMBOLS_PRIVATE_EXTERN = NO;
				GCC_WARN_64_TO_32_BIT_CONVERSION = YES;
				GCC_WARN_ABOUT_RETURN_TYPE = YES;
				GCC_WARN_UNINITIALIZED_AUTOS = YES;
				GCC_WARN_UNUSED_VARIABLE = YES;
				MACOSX_DEPLOYMENT_TARGET = 10.7;
				ONLY_ACTIVE_ARCH = YES;
				SDKROOT = macosx;
			};
			name = Debug;
		};
		91FB022F16B37C0900760CEB /* Release */ = {
			isa = XCBuildConfiguration;
			buildSettings = {
				ALWAYS_SEARCH_USER_PATHS = NO;
				ARCHS = "$(ARCHS_STANDARD_64_BIT)";
				CLANG_CXX_LANGUAGE_STANDARD = "gnu++0x";
				CLANG_CXX_LIBRARY = "libc++";
				CLANG_ENABLE_OBJC_ARC = YES;
				CLANG_WARN_EMPTY_BODY = YES;
				CLANG_WARN__DUPLICATE_METHOD_MATCH = YES;
				COPY_PHASE_STRIP = YES;
				DEBUG_INFORMATION_FORMAT = "dwarf-with-dsym";
				GCC_C_LANGUAGE_STANDARD = gnu99;
				GCC_ENABLE_OBJC_EXCEPTIONS = YES;
				GCC_WARN_64_TO_32_BIT_CONVERSION = YES;
				GCC_WARN_ABOUT_RETURN_TYPE = YES;
				GCC_WARN_UNINITIALIZED_AUTOS = YES;
				GCC_WARN_UNUSED_VARIABLE = YES;
				MACOSX_DEPLOYMENT_TARGET = 10.7;
				SDKROOT = macosx;
			};
			name = Release;
		};
		91FB023116B37C0900760CEB /* Debug */ = {
			isa = XCBuildConfiguration;
			buildSettings = {
				COMBINE_HIDPI_IMAGES = YES;
				GCC_PRECOMPILE_PREFIX_HEADER = YES;
				GCC_PREFIX_HEADER = "CodeMap/CodeMap-Prefix.pch";
				INFOPLIST_FILE = "CodeMap/CodeMap-Info.plist";
				PRODUCT_NAME = "$(TARGET_NAME)";
				WRAPPER_EXTENSION = app;
			};
			name = Debug;
		};
		91FB023216B37C0900760CEB /* Release */ = {
			isa = XCBuildConfiguration;
			buildSettings = {
				COMBINE_HIDPI_IMAGES = YES;
				GCC_PRECOMPILE_PREFIX_HEADER = YES;
				GCC_PREFIX_HEADER = "CodeMap/CodeMap-Prefix.pch";
				INFOPLIST_FILE = "CodeMap/CodeMap-Info.plist";
				PRODUCT_NAME = "$(TARGET_NAME)";
				WRAPPER_EXTENSION = app;
			};
			name = Release;
		};
		91FB023416B37C0900760CEB /* Debug */ = {
			isa = XCBuildConfiguration;
			buildSettings = {
				BUNDLE_LOADER = "$(BUILT_PRODUCTS_DIR)/CodeMap.app/Contents/MacOS/CodeMap";
				COMBINE_HIDPI_IMAGES = YES;
				FRAMEWORK_SEARCH_PATHS = "\"$(DEVELOPER_LIBRARY_DIR)/Frameworks\"";
				GCC_PRECOMPILE_PREFIX_HEADER = YES;
				GCC_PREFIX_HEADER = "CodeMap/CodeMap-Prefix.pch";
				INFOPLIST_FILE = "CodeMapTests/CodeMapTests-Info.plist";
				PRODUCT_NAME = "$(TARGET_NAME)";
				TEST_HOST = "$(BUNDLE_LOADER)";
				WRAPPER_EXTENSION = octest;
			};
			name = Debug;
		};
		91FB023516B37C0900760CEB /* Release */ = {
			isa = XCBuildConfiguration;
			buildSettings = {
				BUNDLE_LOADER = "$(BUILT_PRODUCTS_DIR)/CodeMap.app/Contents/MacOS/CodeMap";
				COMBINE_HIDPI_IMAGES = YES;
				FRAMEWORK_SEARCH_PATHS = "\"$(DEVELOPER_LIBRARY_DIR)/Frameworks\"";
				GCC_PRECOMPILE_PREFIX_HEADER = YES;
				GCC_PREFIX_HEADER = "CodeMap/CodeMap-Prefix.pch";
				INFOPLIST_FILE = "CodeMapTests/CodeMapTests-Info.plist";
				PRODUCT_NAME = "$(TARGET_NAME)";
				TEST_HOST = "$(BUNDLE_LOADER)";
				WRAPPER_EXTENSION = octest;
			};
			name = Release;
		};
/* End XCBuildConfiguration section */

/* Begin XCConfigurationList section */
		91FB01F816B37C0800760CEB /* Build configuration list for PBXProject "CodeMap" */ = {
			isa = XCConfigurationList;
			buildConfigurations = (
				91FB022E16B37C0900760CEB /* Debug */,
				91FB022F16B37C0900760CEB /* Release */,
			);
			defaultConfigurationIsVisible = 0;
			defaultConfigurationName = Release;
		};
		91FB023016B37C0900760CEB /* Build configuration list for PBXNativeTarget "CodeMap" */ = {
			isa = XCConfigurationList;
			buildConfigurations = (
				91FB023116B37C0900760CEB /* Debug */,
				91FB023216B37C0900760CEB /* Release */,
			);
			defaultConfigurationIsVisible = 0;
			defaultConfigurationName = Release;
		};
		91FB023316B37C0900760CEB /* Build configuration list for PBXNativeTarget "CodeMapTests" */ = {
			isa = XCConfigurationList;
			buildConfigurations = (
				91FB023416B37C0900760CEB /* Debug */,
				91FB023516B37C0900760CEB /* Release */,
			);
			defaultConfigurationIsVisible = 0;
			defaultConfigurationName = Release;
		};
/* End XCConfigurationList section */
	};
	rootObject = 91FB01F516B37C0800760CEB /* Project object */;
}
